
Microsoft Visual Studio Solution File, Format Version 12.00
# Visual Studio 15
VisualStudioVersion = 15.0.28307.779
MinimumVisualStudioVersion = 10.0.40219.1
Project("{151D2E53-A2C4-4D7D-83FE-D05416EBD58E}") = "AzureResourceGroup-WebApp-SQL", "AzureResourceGroup-WebApp-SQL\AzureResourceGroup-WebApp-SQL.deployproj", "{8FD8E49D-F22B-4760-A48E-6AD768550D93}"
EndProject
Global
	GlobalSection(SolutionConfigurationPlatforms) = preSolution
		Debug|Any CPU = Debug|Any CPU
		Release|Any CPU = Release|Any CPU
	EndGlobalSection
	GlobalSection(ProjectConfigurationPlatforms) = postSolution
		{8FD8E49D-F22B-4760-A48E-6AD768550D93}.Debug|Any CPU.ActiveCfg = Debug|Any CPU
		{8FD8E49D-F22B-4760-A48E-6AD768550D93}.Debug|Any CPU.Build.0 = Debug|Any CPU
		{8FD8E49D-F22B-4760-A48E-6AD768550D93}.Release|Any CPU.ActiveCfg = Release|Any CPU
		{8FD8E49D-F22B-4760-A48E-6AD768550D93}.Release|Any CPU.Build.0 = Release|Any CPU
	EndGlobalSection
	GlobalSection(SolutionProperties) = preSolution
		HideSolutionNode = FALSE
	EndGlobalSection
	GlobalSection(ExtensibilityGlobals) = postSolution
		SolutionGuid = {9B37B17C-274D-42A5-9E5E-2D92A7C28B85}
	EndGlobalSection
EndGlobal
